{
  "version": 4,
  "terraform_version": "1.14.9",
  "serial": 45,
  "lineage": "f2c2a994-24da-5463-d777-9c06d4fcc078",
  "outputs": {},
  "resources": [
    {
      "mode": "managed",
      "type": "iosxe_interface_ethernet",
      "name": "cottingly_ap",
      "provider": "provider[\"registry.terraform.io/ciscodevnet/iosxe\"]",
      "instances": [
        {
          "schema_version": 0,
          "attributes": {
            "arp_timeout": null,
            "authentication_event_fail_action_authorize_vlan": null,
            "authentication_event_fail_action_next_method": null,
            "authentication_event_linksec_fail_action_next_method": null,
            "authentication_event_no_response_action_authorize_vlan": null,
            "authentication_event_server_alive_action_reinitialize": null,
            "authentication_event_server_dead_action_authorize": null,
            "authentication_event_server_dead_action_authorize_vlan": null,
            "authentication_event_server_dead_action_authorize_voice": null,
            "authentication_event_server_dead_action_reinitialize_vlan": null,
            "authentication_host_mode": null,
            "authentication_order_dot1x": null,
            "authentication_order_dot1x_mab": null,
            "authentication_order_dot1x_webauth": null,
            "authentication_order_mab": null,
            "authentication_order_mab_dot1x": null,
            "authentication_order_mab_webauth": null,
            "authentication_order_webauth": null,
            "authentication_periodic": null,
            "authentication_port_control": null,
            "authentication_priority_dot1x": null,
            "authentication_priority_dot1x_mab": null,
            "authentication_priority_dot1x_webauth": null,
            "authentication_priority_mab": null,
            "authentication_priority_mab_dot1x": null,
            "authentication_priority_mab_webauth": null,
            "authentication_priority_webauth": null,
            "authentication_timer_reauthenticate": null,
            "authentication_timer_reauthenticate_server": null,
            "auto_qos_classify": null,
            "auto_qos_classify_police": null,
            "auto_qos_trust": null,
            "auto_qos_trust_cos": null,
            "auto_qos_trust_dscp": null,
            "auto_qos_video_cts": null,
            "auto_qos_video_ip_camera": null,
            "auto_qos_video_media_player": null,
            "auto_qos_voip_cisco_phone": null,
            "auto_qos_voip_cisco_softphone": null,
            "auto_qos_voip_trust": null,
            "bandwidth": null,
            "bfd_echo": null,
            "bfd_enable": null,
            "bfd_interval": null,
            "bfd_interval_min_rx": null,
            "bfd_interval_multiplier": null,
            "bfd_local_address": null,
            "bfd_template": null,
            "bpduguard_disable": null,
            "bpduguard_enable": null,
            "carrier_delay_msec": null,
            "cdp_enable": null,
            "cdp_tlv_app": null,
            "cdp_tlv_location": null,
            "cdp_tlv_server_location": null,
            "channel_group_mode": null,
            "channel_group_number": null,
            "description": "Cottingly AP",
            "device": null,
            "device_tracking": null,
            "device_tracking_attached_policies": null,
            "dot1x_max_reauth_req": null,
            "dot1x_max_req": null,
            "dot1x_pae": null,
            "dot1x_timeout_auth_period": null,
            "dot1x_timeout_held_period": null,
            "dot1x_timeout_quiet_period": null,
            "dot1x_timeout_ratelimit_period": null,
            "dot1x_timeout_server_timeout": null,
            "dot1x_timeout_start_period": null,
            "dot1x_timeout_supp_timeout": null,
            "dot1x_timeout_tx_period": null,
            "encapsulation_dot1q_vlan_id": null,
            "evpn_ethernet_segments": null,
            "helper_addresses": null,
            "hold_queues": null,
            "id": "Cisco-IOS-XE-native:native/interface/GigabitEthernet=1%2F0%2F20",
            "ip_access_group_in": null,
            "ip_access_group_in_enable": null,
            "ip_access_group_out": null,
            "ip_access_group_out_enable": null,
            "ip_arp_inspection_limit_rate": null,
            "ip_arp_inspection_trust": null,
            "ip_dhcp_relay_information_option_vpn_id": null,
            "ip_dhcp_relay_source_interface": null,
            "ip_dhcp_snooping_trust": null,
            "ip_flow_monitors": null,
            "ip_igmp_version": null,
            "ip_nat_inside": null,
            "ip_nat_outside": null,
            "ip_nbar_protocol_discovery": null,
            "ip_proxy_arp": null,
            "ip_redirects": null,
            "ip_router_isis": null,
            "ip_unreachables": null,
            "ipv4_address": null,
            "ipv4_address_mask": null,
            "ipv6_address_autoconfig_default": null,
            "ipv6_address_dhcp": null,
            "ipv6_addresses": null,
            "ipv6_enable": null,
            "ipv6_flow_monitors": null,
            "ipv6_link_local_addresses": null,
            "ipv6_mtu": null,
            "ipv6_nd_ra_suppress_all": null,
            "load_interval": null,
            "logging_event_link_status_enable": null,
            "mab": null,
            "mab_eap": null,
            "media_type": null,
            "mtu": null,
            "name": "1/0/20",
            "negotiation_auto": null,
            "service_instances": null,
            "service_policy_input": null,
            "service_policy_output": null,
            "shutdown": null,
            "snmp_trap_link_status": null,
            "source_template": null,
            "spanning_tree_guard": null,
            "spanning_tree_link_type": null,
            "spanning_tree_portfast": null,
            "spanning_tree_portfast_disable": null,
            "spanning_tree_portfast_edge": null,
            "spanning_tree_portfast_trunk": null,
            "speed_100": null,
            "speed_1000": null,
            "speed_10000": null,
            "speed_100000": null,
            "speed_2500": null,
            "speed_25000": null,
            "speed_40000": null,
            "speed_5000": null,
            "speed_nonegotiate": null,
            "switchport": null,
            "trust_device": null,
            "type": "GigabitEthernet",
            "unnumbered": null,
            "vrf_forwarding": null
          },
          "sensitive_attributes": [],
          "identity_schema_version": 0,
          "private": "eyJpbXBvcnRpbmciOiJNQT09In0="
        }
      ]
    },
    {
      "mode": "managed",
      "type": "iosxe_interface_ethernet",
      "name": "egress_lag_1",
      "provider": "provider[\"registry.terraform.io/ciscodevnet/iosxe\"]",
      "instances": [
        {
          "schema_version": 0,
          "attributes": {
            "arp_timeout": null,
            "authentication_event_fail_action_authorize_vlan": null,
            "authentication_event_fail_action_next_method": null,
            "authentication_event_linksec_fail_action_next_method": null,
            "authentication_event_no_response_action_authorize_vlan": null,
            "authentication_event_server_alive_action_reinitialize": null,
            "authentication_event_server_dead_action_authorize": null,
            "authentication_event_server_dead_action_authorize_vlan": null,
            "authentication_event_server_dead_action_authorize_voice": null,
            "authentication_event_server_dead_action_reinitialize_vlan": null,
            "authentication_host_mode": null,
            "authentication_order_dot1x": null,
            "authentication_order_dot1x_mab": null,
            "authentication_order_dot1x_webauth": null,
            "authentication_order_mab": null,
            "authentication_order_mab_dot1x": null,
            "authentication_order_mab_webauth": null,
            "authentication_order_webauth": null,
            "authentication_periodic": null,
            "authentication_port_control": null,
            "authentication_priority_dot1x": null,
            "authentication_priority_dot1x_mab": null,
            "authentication_priority_dot1x_webauth": null,
            "authentication_priority_mab": null,
            "authentication_priority_mab_dot1x": null,
            "authentication_priority_mab_webauth": null,
            "authentication_priority_webauth": null,
            "authentication_timer_reauthenticate": null,
            "authentication_timer_reauthenticate_server": null,
            "auto_qos_classify": null,
            "auto_qos_classify_police": null,
            "auto_qos_trust": null,
            "auto_qos_trust_cos": null,
            "auto_qos_trust_dscp": null,
            "auto_qos_video_cts": null,
            "auto_qos_video_ip_camera": null,
            "auto_qos_video_media_player": null,
            "auto_qos_voip_cisco_phone": null,
            "auto_qos_voip_cisco_softphone": null,
            "auto_qos_voip_trust": null,
            "bandwidth": null,
            "bfd_echo": null,
            "bfd_enable": null,
            "bfd_interval": null,
            "bfd_interval_min_rx": null,
            "bfd_interval_multiplier": null,
            "bfd_local_address": null,
            "bfd_template": null,
            "bpduguard_disable": null,
            "bpduguard_enable": null,
            "carrier_delay_msec": null,
            "cdp_enable": null,
            "cdp_tlv_app": null,
            "cdp_tlv_location": null,
            "cdp_tlv_server_location": null,
            "channel_group_mode": "active",
            "channel_group_number": 1,
            "description": "Egress LAG (Port 1 of 4)",
            "device": null,
            "device_tracking": null,
            "device_tracking_attached_policies": null,
            "dot1x_max_reauth_req": null,
            "dot1x_max_req": null,
            "dot1x_pae": null,
            "dot1x_timeout_auth_period": null,
            "dot1x_timeout_held_period": null,
            "dot1x_timeout_quiet_period": null,
            "dot1x_timeout_ratelimit_period": null,
            "dot1x_timeout_server_timeout": null,
            "dot1x_timeout_start_period": null,
            "dot1x_timeout_supp_timeout": null,
            "dot1x_timeout_tx_period": null,
            "encapsulation_dot1q_vlan_id": null,
            "evpn_ethernet_segments": null,
            "helper_addresses": null,
            "hold_queues": null,
            "id": "Cisco-IOS-XE-native:native/interface/GigabitEthernet=1%2F0%2F13",
            "ip_access_group_in": null,
            "ip_access_group_in_enable": null,
            "ip_access_group_out": null,
            "ip_access_group_out_enable": null,
            "ip_arp_inspection_limit_rate": null,
            "ip_arp_inspection_trust": null,
            "ip_dhcp_relay_information_option_vpn_id": null,
            "ip_dhcp_relay_source_interface": null,
            "ip_dhcp_snooping_trust": null,
            "ip_flow_monitors": null,
            "ip_igmp_version": null,
            "ip_nat_inside": null,
            "ip_nat_outside": null,
            "ip_nbar_protocol_discovery": null,
            "ip_proxy_arp": null,
            "ip_redirects": null,
            "ip_router_isis": null,
            "ip_unreachables": null,
            "ipv4_address": null,
            "ipv4_address_mask": null,
            "ipv6_address_autoconfig_default": null,
            "ipv6_address_dhcp": null,
            "ipv6_addresses": null,
            "ipv6_enable": null,
            "ipv6_flow_monitors": null,
            "ipv6_link_local_addresses": null,
            "ipv6_mtu": null,
            "ipv6_nd_ra_suppress_all": null,
            "load_interval": null,
            "logging_event_link_status_enable": null,
            "mab": null,
            "mab_eap": null,
            "media_type": null,
            "mtu": null,
            "name": "1/0/13",
            "negotiation_auto": null,
            "service_instances": null,
            "service_policy_input": null,
            "service_policy_output": null,
            "shutdown": null,
            "snmp_trap_link_status": null,
            "source_template": null,
            "spanning_tree_guard": null,
            "spanning_tree_link_type": null,
            "spanning_tree_portfast": null,
            "spanning_tree_portfast_disable": null,
            "spanning_tree_portfast_edge": null,
            "spanning_tree_portfast_trunk": null,
            "speed_100": null,
            "speed_1000": null,
            "speed_10000": null,
            "speed_100000": null,
            "speed_2500": null,
            "speed_25000": null,
            "speed_40000": null,
            "speed_5000": null,
            "speed_nonegotiate": null,
            "switchport": null,
            "trust_device": null,
            "type": "GigabitEthernet",
            "unnumbered": null,
            "vrf_forwarding": null
          },
          "sensitive_attributes": [],
          "identity_schema_version": 0,
          "private": "eyJpbXBvcnRpbmciOiJNQT09In0="
        }
      ]
    },
    {
      "mode": "managed",
      "type": "iosxe_interface_ethernet",
      "name": "egress_lag_2",
      "provider": "provider[\"registry.terraform.io/ciscodevnet/iosxe\"]",
      "instances": [
        {
          "schema_version": 0,
          "attributes": {
            "arp_timeout": null,
            "authentication_event_fail_action_authorize_vlan": null,
            "authentication_event_fail_action_next_method": null,
            "authentication_event_linksec_fail_action_next_method": null,
            "authentication_event_no_response_action_authorize_vlan": null,
            "authentication_event_server_alive_action_reinitialize": null,
            "authentication_event_server_dead_action_authorize": null,
            "authentication_event_server_dead_action_authorize_vlan": null,
            "authentication_event_server_dead_action_authorize_voice": null,
            "authentication_event_server_dead_action_reinitialize_vlan": null,
            "authentication_host_mode": null,
            "authentication_order_dot1x": null,
            "authentication_order_dot1x_mab": null,
            "authentication_order_dot1x_webauth": null,
            "authentication_order_mab": null,
            "authentication_order_mab_dot1x": null,
            "authentication_order_mab_webauth": null,
            "authentication_order_webauth": null,
            "authentication_periodic": null,
            "authentication_port_control": null,
            "authentication_priority_dot1x": null,
            "authentication_priority_dot1x_mab": null,
            "authentication_priority_dot1x_webauth": null,
            "authentication_priority_mab": null,
            "authentication_priority_mab_dot1x": null,
            "authentication_priority_mab_webauth": null,
            "authentication_priority_webauth": null,
            "authentication_timer_reauthenticate": null,
            "authentication_timer_reauthenticate_server": null,
            "auto_qos_classify": null,
            "auto_qos_classify_police": null,
            "auto_qos_trust": null,
            "auto_qos_trust_cos": null,
            "auto_qos_trust_dscp": null,
            "auto_qos_video_cts": null,
            "auto_qos_video_ip_camera": null,
            "auto_qos_video_media_player": null,
            "auto_qos_voip_cisco_phone": null,
            "auto_qos_voip_cisco_softphone": null,
            "auto_qos_voip_trust": null,
            "bandwidth": null,
            "bfd_echo": null,
            "bfd_enable": null,
            "bfd_interval": null,
            "bfd_interval_min_rx": null,
            "bfd_interval_multiplier": null,
            "bfd_local_address": null,
            "bfd_template": null,
            "bpduguard_disable": null,
            "bpduguard_enable": null,
            "carrier_delay_msec": null,
            "cdp_enable": null,
            "cdp_tlv_app": null,
            "cdp_tlv_location": null,
            "cdp_tlv_server_location": null,
            "channel_group_mode": "active",
            "channel_group_number": 1,
            "description": "Egress LAG (Port 2 of 4)",
            "device": null,
            "device_tracking": null,
            "device_tracking_attached_policies": null,
            "dot1x_max_reauth_req": null,
            "dot1x_max_req": null,
            "dot1x_pae": null,
            "dot1x_timeout_auth_period": null,
            "dot1x_timeout_held_period": null,
            "dot1x_timeout_quiet_period": null,
            "dot1x_timeout_ratelimit_period": null,
            "dot1x_timeout_server_timeout": null,
            "dot1x_timeout_start_period": null,
            "dot1x_timeout_supp_timeout": null,
            "dot1x_timeout_tx_period": null,
            "encapsulation_dot1q_vlan_id": null,
            "evpn_ethernet_segments": null,
            "helper_addresses": null,
            "hold_queues": null,
            "id": "Cisco-IOS-XE-native:native/interface/GigabitEthernet=1%2F0%2F15",
            "ip_access_group_in": null,
            "ip_access_group_in_enable": null,
            "ip_access_group_out": null,
            "ip_access_group_out_enable": null,
            "ip_arp_inspection_limit_rate": null,
            "ip_arp_inspection_trust": null,
            "ip_dhcp_relay_information_option_vpn_id": null,
            "ip_dhcp_relay_source_interface": null,
            "ip_dhcp_snooping_trust": null,
            "ip_flow_monitors": null,
            "ip_igmp_version": null,
            "ip_nat_inside": null,
            "ip_nat_outside": null,
            "ip_nbar_protocol_discovery": null,
            "ip_proxy_arp": null,
            "ip_redirects": null,
            "ip_router_isis": null,
            "ip_unreachables": null,
            "ipv4_address": null,
            "ipv4_address_mask": null,
            "ipv6_address_autoconfig_default": null,
            "ipv6_address_dhcp": null,
            "ipv6_addresses": null,
            "ipv6_enable": null,
            "ipv6_flow_monitors": null,
            "ipv6_link_local_addresses": null,
            "ipv6_mtu": null,
            "ipv6_nd_ra_suppress_all": null,
            "load_interval": null,
            "logging_event_link_status_enable": null,
            "mab": null,
            "mab_eap": null,
            "media_type": null,
            "mtu": null,
            "name": "1/0/15",
            "negotiation_auto": null,
            "service_instances": null,
            "service_policy_input": null,
            "service_policy_output": null,
            "shutdown": null,
            "snmp_trap_link_status": null,
            "source_template": null,
            "spanning_tree_guard": null,
            "spanning_tree_link_type": null,
            "spanning_tree_portfast": null,
            "spanning_tree_portfast_disable": null,
            "spanning_tree_portfast_edge": null,
            "spanning_tree_portfast_trunk": null,
            "speed_100": null,
            "speed_1000": null,
            "speed_10000": null,
            "speed_100000": null,
            "speed_2500": null,
            "speed_25000": null,
            "speed_40000": null,
            "speed_5000": null,
            "speed_nonegotiate": null,
            "switchport": null,
            "trust_device": null,
            "type": "GigabitEthernet",
            "unnumbered": null,
            "vrf_forwarding": null
          },
          "sensitive_attributes": [],
          "identity_schema_version": 0,
          "private": "eyJpbXBvcnRpbmciOiJNQT09In0="
        }
      ]
    },
    {
      "mode": "managed",
      "type": "iosxe_interface_ethernet",
      "name": "egress_lag_3",
      "provider": "provider[\"registry.terraform.io/ciscodevnet/iosxe\"]",
      "instances": [
        {
          "schema_version": 0,
          "attributes": {
            "arp_timeout": null,
            "authentication_event_fail_action_authorize_vlan": null,
            "authentication_event_fail_action_next_method": null,
            "authentication_event_linksec_fail_action_next_method": null,
            "authentication_event_no_response_action_authorize_vlan": null,
            "authentication_event_server_alive_action_reinitialize": null,
            "authentication_event_server_dead_action_authorize": null,
            "authentication_event_server_dead_action_authorize_vlan": null,
            "authentication_event_server_dead_action_authorize_voice": null,
            "authentication_event_server_dead_action_reinitialize_vlan": null,
            "authentication_host_mode": null,
            "authentication_order_dot1x": null,
            "authentication_order_dot1x_mab": null,
            "authentication_order_dot1x_webauth": null,
            "authentication_order_mab": null,
            "authentication_order_mab_dot1x": null,
            "authentication_order_mab_webauth": null,
            "authentication_order_webauth": null,
            "authentication_periodic": null,
            "authentication_port_control": null,
            "authentication_priority_dot1x": null,
            "authentication_priority_dot1x_mab": null,
            "authentication_priority_dot1x_webauth": null,
            "authentication_priority_mab": null,
            "authentication_priority_mab_dot1x": null,
            "authentication_priority_mab_webauth": null,
            "authentication_priority_webauth": null,
            "authentication_timer_reauthenticate": null,
            "authentication_timer_reauthenticate_server": null,
            "auto_qos_classify": null,
            "auto_qos_classify_police": null,
            "auto_qos_trust": null,
            "auto_qos_trust_cos": null,
            "auto_qos_trust_dscp": null,
            "auto_qos_video_cts": null,
            "auto_qos_video_ip_camera": null,
            "auto_qos_video_media_player": null,
            "auto_qos_voip_cisco_phone": null,
            "auto_qos_voip_cisco_softphone": null,
            "auto_qos_voip_trust": null,
            "bandwidth": null,
            "bfd_echo": null,
            "bfd_enable": null,
            "bfd_interval": null,
            "bfd_interval_min_rx": null,
            "bfd_interval_multiplier": null,
            "bfd_local_address": null,
            "bfd_template": null,
            "bpduguard_disable": null,
            "bpduguard_enable": null,
            "carrier_delay_msec": null,
            "cdp_enable": null,
            "cdp_tlv_app": null,
            "cdp_tlv_location": null,
            "cdp_tlv_server_location": null,
            "channel_group_mode": "active",
            "channel_group_number": 1,
            "description": "Egress LAG (Port 3 of 4)",
            "device": null,
            "device_tracking": null,
            "device_tracking_attached_policies": null,
            "dot1x_max_reauth_req": null,
            "dot1x_max_req": null,
            "dot1x_pae": null,
            "dot1x_timeout_auth_period": null,
            "dot1x_timeout_held_period": null,
            "dot1x_timeout_quiet_period": null,
            "dot1x_timeout_ratelimit_period": null,
            "dot1x_timeout_server_timeout": null,
            "dot1x_timeout_start_period": null,
            "dot1x_timeout_supp_timeout": null,
            "dot1x_timeout_tx_period": null,
            "encapsulation_dot1q_vlan_id": null,
            "evpn_ethernet_segments": null,
            "helper_addresses": null,
            "hold_queues": null,
            "id": "Cisco-IOS-XE-native:native/interface/GigabitEthernet=1%2F0%2F17",
            "ip_access_group_in": null,
            "ip_access_group_in_enable": null,
            "ip_access_group_out": null,
            "ip_access_group_out_enable": null,
            "ip_arp_inspection_limit_rate": null,
            "ip_arp_inspection_trust": null,
            "ip_dhcp_relay_information_option_vpn_id": null,
            "ip_dhcp_relay_source_interface": null,
            "ip_dhcp_snooping_trust": null,
            "ip_flow_monitors": null,
            "ip_igmp_version": null,
            "ip_nat_inside": null,
            "ip_nat_outside": null,
            "ip_nbar_protocol_discovery": null,
            "ip_proxy_arp": null,
            "ip_redirects": null,
            "ip_router_isis": null,
            "ip_unreachables": null,
            "ipv4_address": null,
            "ipv4_address_mask": null,
            "ipv6_address_autoconfig_default": null,
            "ipv6_address_dhcp": null,
            "ipv6_addresses": null,
            "ipv6_enable": null,
            "ipv6_flow_monitors": null,
            "ipv6_link_local_addresses": null,
            "ipv6_mtu": null,
            "ipv6_nd_ra_suppress_all": null,
            "load_interval": null,
            "logging_event_link_status_enable": null,
            "mab": null,
            "mab_eap": null,
            "media_type": null,
            "mtu": null,
            "name": "1/0/17",
            "negotiation_auto": null,
            "service_instances": null,
            "service_policy_input": null,
            "service_policy_output": null,
            "shutdown": null,
            "snmp_trap_link_status": null,
            "source_template": null,
            "spanning_tree_guard": null,
            "spanning_tree_link_type": null,
            "spanning_tree_portfast": null,
            "spanning_tree_portfast_disable": null,
            "spanning_tree_portfast_edge": null,
            "spanning_tree_portfast_trunk": null,
            "speed_100": null,
            "speed_1000": null,
            "speed_10000": null,
            "speed_100000": null,
            "speed_2500": null,
            "speed_25000": null,
            "speed_40000": null,
            "speed_5000": null,
            "speed_nonegotiate": null,
            "switchport": null,
            "trust_device": null,
            "type": "GigabitEthernet",
            "unnumbered": null,
            "vrf_forwarding": null
          },
          "sensitive_attributes": [],
          "identity_schema_version": 0,
          "private": "eyJpbXBvcnRpbmciOiJNQT09In0="
        }
      ]
    },
    {
      "mode": "managed",
      "type": "iosxe_interface_ethernet",
      "name": "egress_lag_4",
      "provider": "provider[\"registry.terraform.io/ciscodevnet/iosxe\"]",
      "instances": [
        {
          "schema_version": 0,
          "attributes": {
            "arp_timeout": null,
            "authentication_event_fail_action_authorize_vlan": null,
            "authentication_event_fail_action_next_method": null,
            "authentication_event_linksec_fail_action_next_method": null,
            "authentication_event_no_response_action_authorize_vlan": null,
            "authentication_event_server_alive_action_reinitialize": null,
            "authentication_event_server_dead_action_authorize": null,
            "authentication_event_server_dead_action_authorize_vlan": null,
            "authentication_event_server_dead_action_authorize_voice": null,
            "authentication_event_server_dead_action_reinitialize_vlan": null,
            "authentication_host_mode": null,
            "authentication_order_dot1x": null,
            "authentication_order_dot1x_mab": null,
            "authentication_order_dot1x_webauth": null,
            "authentication_order_mab": null,
            "authentication_order_mab_dot1x": null,
            "authentication_order_mab_webauth": null,
            "authentication_order_webauth": null,
            "authentication_periodic": null,
            "authentication_port_control": null,
            "authentication_priority_dot1x": null,
            "authentication_priority_dot1x_mab": null,
            "authentication_priority_dot1x_webauth": null,
            "authentication_priority_mab": null,
            "authentication_priority_mab_dot1x": null,
            "authentication_priority_mab_webauth": null,
            "authentication_priority_webauth": null,
            "authentication_timer_reauthenticate": null,
            "authentication_timer_reauthenticate_server": null,
            "auto_qos_classify": null,
            "auto_qos_classify_police": null,
            "auto_qos_trust": null,
            "auto_qos_trust_cos": null,
            "auto_qos_trust_dscp": null,
            "auto_qos_video_cts": null,
            "auto_qos_video_ip_camera": null,
            "auto_qos_video_media_player": null,
            "auto_qos_voip_cisco_phone": null,
            "auto_qos_voip_cisco_softphone": null,
            "auto_qos_voip_trust": null,
            "bandwidth": null,
            "bfd_echo": null,
            "bfd_enable": null,
            "bfd_interval": null,
            "bfd_interval_min_rx": null,
            "bfd_interval_multiplier": null,
            "bfd_local_address": null,
            "bfd_template": null,
            "bpduguard_disable": null,
            "bpduguard_enable": null,
            "carrier_delay_msec": null,
            "cdp_enable": null,
            "cdp_tlv_app": null,
            "cdp_tlv_location": null,
            "cdp_tlv_server_location": null,
            "channel_group_mode": "active",
            "channel_group_number": 1,
            "description": "Egress LAG (Port 4 of 4)",
            "device": null,
            "device_tracking": null,
            "device_tracking_attached_policies": null,
            "dot1x_max_reauth_req": null,
            "dot1x_max_req": null,
            "dot1x_pae": null,
            "dot1x_timeout_auth_period": null,
            "dot1x_timeout_held_period": null,
            "dot1x_timeout_quiet_period": null,
            "dot1x_timeout_ratelimit_period": null,
            "dot1x_timeout_server_timeout": null,
            "dot1x_timeout_start_period": null,
            "dot1x_timeout_supp_timeout": null,
            "dot1x_timeout_tx_period": null,
            "encapsulation_dot1q_vlan_id": null,
            "evpn_ethernet_segments": null,
            "helper_addresses": null,
            "hold_queues": null,
            "id": "Cisco-IOS-XE-native:native/interface/GigabitEthernet=1%2F0%2F19",
            "ip_access_group_in": null,
            "ip_access_group_in_enable": null,
            "ip_access_group_out": null,
            "ip_access_group_out_enable": null,
            "ip_arp_inspection_limit_rate": null,
            "ip_arp_inspection_trust": null,
            "ip_dhcp_relay_information_option_vpn_id": null,
            "ip_dhcp_relay_source_interface": null,
            "ip_dhcp_snooping_trust": null,
            "ip_flow_monitors": null,
            "ip_igmp_version": null,
            "ip_nat_inside": null,
            "ip_nat_outside": null,
            "ip_nbar_protocol_discovery": null,
            "ip_proxy_arp": null,
            "ip_redirects": null,
            "ip_router_isis": null,
            "ip_unreachables": null,
            "ipv4_address": null,
            "ipv4_address_mask": null,
            "ipv6_address_autoconfig_default": null,
            "ipv6_address_dhcp": null,
            "ipv6_addresses": null,
            "ipv6_enable": null,
            "ipv6_flow_monitors": null,
            "ipv6_link_local_addresses": null,
            "ipv6_mtu": null,
            "ipv6_nd_ra_suppress_all": null,
            "load_interval": null,
            "logging_event_link_status_enable": null,
            "mab": null,
            "mab_eap": null,
            "media_type": null,
            "mtu": null,
            "name": "1/0/19",
            "negotiation_auto": null,
            "service_instances": null,
            "service_policy_input": null,
            "service_policy_output": null,
            "shutdown": null,
            "snmp_trap_link_status": null,
            "source_template": null,
            "spanning_tree_guard": null,
            "spanning_tree_link_type": null,
            "spanning_tree_portfast": null,
            "spanning_tree_portfast_disable": null,
            "spanning_tree_portfast_edge": null,
            "spanning_tree_portfast_trunk": null,
            "speed_100": null,
            "speed_1000": null,
            "speed_10000": null,
            "speed_100000": null,
            "speed_2500": null,
            "speed_25000": null,
            "speed_40000": null,
            "speed_5000": null,
            "speed_nonegotiate": null,
            "switchport": null,
            "trust_device": null,
            "type": "GigabitEthernet",
            "unnumbered": null,
            "vrf_forwarding": null
          },
          "sensitive_attributes": [],
          "identity_schema_version": 0,
          "private": "eyJpbXBvcnRpbmciOiJNQT09In0="
        }
      ]
    },
    {
      "mode": "managed",
      "type": "iosxe_interface_ethernet",
      "name": "library_ap",
      "provider": "provider[\"registry.terraform.io/ciscodevnet/iosxe\"]",
      "instances": [
        {
          "schema_version": 0,
          "attributes": {
            "arp_timeout": null,
            "authentication_event_fail_action_authorize_vlan": null,
            "authentication_event_fail_action_next_method": null,
            "authentication_event_linksec_fail_action_next_method": null,
            "authentication_event_no_response_action_authorize_vlan": null,
            "authentication_event_server_alive_action_reinitialize": null,
            "authentication_event_server_dead_action_authorize": null,
            "authentication_event_server_dead_action_authorize_vlan": null,
            "authentication_event_server_dead_action_authorize_voice": null,
            "authentication_event_server_dead_action_reinitialize_vlan": null,
            "authentication_host_mode": null,
            "authentication_order_dot1x": null,
            "authentication_order_dot1x_mab": null,
            "authentication_order_dot1x_webauth": null,
            "authentication_order_mab": null,
            "authentication_order_mab_dot1x": null,
            "authentication_order_mab_webauth": null,
            "authentication_order_webauth": null,
            "authentication_periodic": null,
            "authentication_port_control": null,
            "authentication_priority_dot1x": null,
            "authentication_priority_dot1x_mab": null,
            "authentication_priority_dot1x_webauth": null,
            "authentication_priority_mab": null,
            "authentication_priority_mab_dot1x": null,
            "authentication_priority_mab_webauth": null,
            "authentication_priority_webauth": null,
            "authentication_timer_reauthenticate": null,
            "authentication_timer_reauthenticate_server": null,
            "auto_qos_classify": null,
            "auto_qos_classify_police": null,
            "auto_qos_trust": null,
            "auto_qos_trust_cos": null,
            "auto_qos_trust_dscp": null,
            "auto_qos_video_cts": null,
            "auto_qos_video_ip_camera": null,
            "auto_qos_video_media_player": null,
            "auto_qos_voip_cisco_phone": null,
            "auto_qos_voip_cisco_softphone": null,
            "auto_qos_voip_trust": null,
            "bandwidth": null,
            "bfd_echo": null,
            "bfd_enable": null,
            "bfd_interval": null,
            "bfd_interval_min_rx": null,
            "bfd_interval_multiplier": null,
            "bfd_local_address": null,
            "bfd_template": null,
            "bpduguard_disable": null,
            "bpduguard_enable": null,
            "carrier_delay_msec": null,
            "cdp_enable": null,
            "cdp_tlv_app": null,
            "cdp_tlv_location": null,
            "cdp_tlv_server_location": null,
            "channel_group_mode": null,
            "channel_group_number": null,
            "description": "Library AP",
            "device": null,
            "device_tracking": null,
            "device_tracking_attached_policies": null,
            "dot1x_max_reauth_req": null,
            "dot1x_max_req": null,
            "dot1x_pae": null,
            "dot1x_timeout_auth_period": null,
            "dot1x_timeout_held_period": null,
            "dot1x_timeout_quiet_period": null,
            "dot1x_timeout_ratelimit_period": null,
            "dot1x_timeout_server_timeout": null,
            "dot1x_timeout_start_period": null,
            "dot1x_timeout_supp_timeout": null,
            "dot1x_timeout_tx_period": null,
            "encapsulation_dot1q_vlan_id": null,
            "evpn_ethernet_segments": null,
            "helper_addresses": null,
            "hold_queues": null,
            "id": "Cisco-IOS-XE-native:native/interface/GigabitEthernet=1%2F0%2F18",
            "ip_access_group_in": null,
            "ip_access_group_in_enable": null,
            "ip_access_group_out": null,
            "ip_access_group_out_enable": null,
            "ip_arp_inspection_limit_rate": null,
            "ip_arp_inspection_trust": null,
            "ip_dhcp_relay_information_option_vpn_id": null,
            "ip_dhcp_relay_source_interface": null,
            "ip_dhcp_snooping_trust": null,
            "ip_flow_monitors": null,
            "ip_igmp_version": null,
            "ip_nat_inside": null,
            "ip_nat_outside": null,
            "ip_nbar_protocol_discovery": null,
            "ip_proxy_arp": null,
            "ip_redirects": null,
            "ip_router_isis": null,
            "ip_unreachables": null,
            "ipv4_address": null,
            "ipv4_address_mask": null,
            "ipv6_address_autoconfig_default": null,
            "ipv6_address_dhcp": null,
            "ipv6_addresses": null,
            "ipv6_enable": null,
            "ipv6_flow_monitors": null,
            "ipv6_link_local_addresses": null,
            "ipv6_mtu": null,
            "ipv6_nd_ra_suppress_all": null,
            "load_interval": null,
            "logging_event_link_status_enable": null,
            "mab": null,
            "mab_eap": null,
            "media_type": null,
            "mtu": null,
            "name": "1/0/18",
            "negotiation_auto": null,
            "service_instances": null,
            "service_policy_input": null,
            "service_policy_output": null,
            "shutdown": null,
            "snmp_trap_link_status": null,
            "source_template": null,
            "spanning_tree_guard": null,
            "spanning_tree_link_type": null,
            "spanning_tree_portfast": null,
            "spanning_tree_portfast_disable": null,
            "spanning_tree_portfast_edge": null,
            "spanning_tree_portfast_trunk": null,
            "speed_100": null,
            "speed_1000": null,
            "speed_10000": null,
            "speed_100000": null,
            "speed_2500": null,
            "speed_25000": null,
            "speed_40000": null,
            "speed_5000": null,
            "speed_nonegotiate": null,
            "switchport": null,
            "trust_device": null,
            "type": "GigabitEthernet",
            "unnumbered": null,
            "vrf_forwarding": null
          },
          "sensitive_attributes": [],
          "identity_schema_version": 0,
          "private": "eyJpbXBvcnRpbmciOiJNQT09In0="
        }
      ]
    },
    {
      "mode": "managed",
      "type": "iosxe_interface_ethernet",
      "name": "office_uplink",
      "provider": "provider[\"registry.terraform.io/ciscodevnet/iosxe\"]",
      "instances": [
        {
          "schema_version": 0,
          "attributes": {
            "arp_timeout": null,
            "authentication_event_fail_action_authorize_vlan": null,
            "authentication_event_fail_action_next_method": null,
            "authentication_event_linksec_fail_action_next_method": null,
            "authentication_event_no_response_action_authorize_vlan": null,
            "authentication_event_server_alive_action_reinitialize": null,
            "authentication_event_server_dead_action_authorize": null,
            "authentication_event_server_dead_action_authorize_vlan": null,
            "authentication_event_server_dead_action_authorize_voice": null,
            "authentication_event_server_dead_action_reinitialize_vlan": null,
            "authentication_host_mode": null,
            "authentication_order_dot1x": null,
            "authentication_order_dot1x_mab": null,
            "authentication_order_dot1x_webauth": null,
            "authentication_order_mab": null,
            "authentication_order_mab_dot1x": null,
            "authentication_order_mab_webauth": null,
            "authentication_order_webauth": null,
            "authentication_periodic": null,
            "authentication_port_control": null,
            "authentication_priority_dot1x": null,
            "authentication_priority_dot1x_mab": null,
            "authentication_priority_dot1x_webauth": null,
            "authentication_priority_mab": null,
            "authentication_priority_mab_dot1x": null,
            "authentication_priority_mab_webauth": null,
            "authentication_priority_webauth": null,
            "authentication_timer_reauthenticate": null,
            "authentication_timer_reauthenticate_server": null,
            "auto_qos_classify": null,
            "auto_qos_classify_police": null,
            "auto_qos_trust": null,
            "auto_qos_trust_cos": null,
            "auto_qos_trust_dscp": null,
            "auto_qos_video_cts": null,
            "auto_qos_video_ip_camera": null,
            "auto_qos_video_media_player": null,
            "auto_qos_voip_cisco_phone": null,
            "auto_qos_voip_cisco_softphone": null,
            "auto_qos_voip_trust": null,
            "bandwidth": null,
            "bfd_echo": null,
            "bfd_enable": null,
            "bfd_interval": null,
            "bfd_interval_min_rx": null,
            "bfd_interval_multiplier": null,
            "bfd_local_address": null,
            "bfd_template": null,
            "bpduguard_disable": null,
            "bpduguard_enable": null,
            "carrier_delay_msec": null,
            "cdp_enable": null,
            "cdp_tlv_app": null,
            "cdp_tlv_location": null,
            "cdp_tlv_server_location": null,
            "channel_group_mode": null,
            "channel_group_number": null,
            "description": "Office Uplink",
            "device": null,
            "device_tracking": null,
            "device_tracking_attached_policies": null,
            "dot1x_max_reauth_req": null,
            "dot1x_max_req": null,
            "dot1x_pae": null,
            "dot1x_timeout_auth_period": null,
            "dot1x_timeout_held_period": null,
            "dot1x_timeout_quiet_period": null,
            "dot1x_timeout_ratelimit_period": null,
            "dot1x_timeout_server_timeout": null,
            "dot1x_timeout_start_period": null,
            "dot1x_timeout_supp_timeout": null,
            "dot1x_timeout_tx_period": null,
            "encapsulation_dot1q_vlan_id": null,
            "evpn_ethernet_segments": null,
            "helper_addresses": null,
            "hold_queues": null,
            "id": "Cisco-IOS-XE-native:native/interface/GigabitEthernet=1%2F0%2F3",
            "ip_access_group_in": null,
            "ip_access_group_in_enable": null,
            "ip_access_group_out": null,
            "ip_access_group_out_enable": null,
            "ip_arp_inspection_limit_rate": null,
            "ip_arp_inspection_trust": null,
            "ip_dhcp_relay_information_option_vpn_id": null,
            "ip_dhcp_relay_source_interface": null,
            "ip_dhcp_snooping_trust": null,
            "ip_flow_monitors": null,
            "ip_igmp_version": null,
            "ip_nat_inside": null,
            "ip_nat_outside": null,
            "ip_nbar_protocol_discovery": null,
            "ip_proxy_arp": null,
            "ip_redirects": null,
            "ip_router_isis": null,
            "ip_unreachables": null,
            "ipv4_address": null,
            "ipv4_address_mask": null,
            "ipv6_address_autoconfig_default": null,
            "ipv6_address_dhcp": null,
            "ipv6_addresses": null,
            "ipv6_enable": null,
            "ipv6_flow_monitors": null,
            "ipv6_link_local_addresses": null,
            "ipv6_mtu": null,
            "ipv6_nd_ra_suppress_all": null,
            "load_interval": null,
            "logging_event_link_status_enable": null,
            "mab": null,
            "mab_eap": null,
            "media_type": null,
            "mtu": null,
            "name": "1/0/3",
            "negotiation_auto": null,
            "service_instances": null,
            "service_policy_input": null,
            "service_policy_output": null,
            "shutdown": null,
            "snmp_trap_link_status": null,
            "source_template": null,
            "spanning_tree_guard": null,
            "spanning_tree_link_type": null,
            "spanning_tree_portfast": null,
            "spanning_tree_portfast_disable": null,
            "spanning_tree_portfast_edge": null,
            "spanning_tree_portfast_trunk": null,
            "speed_100": null,
            "speed_1000": null,
            "speed_10000": null,
            "speed_100000": null,
            "speed_2500": null,
            "speed_25000": null,
            "speed_40000": null,
            "speed_5000": null,
            "speed_nonegotiate": null,
            "switchport": null,
            "trust_device": null,
            "type": "GigabitEthernet",
            "unnumbered": null,
            "vrf_forwarding": null
          },
          "sensitive_attributes": [],
          "identity_schema_version": 0,
          "private": "eyJpbXBvcnRpbmciOiJNQT09In0="
        }
      ]
    },
    {
      "mode": "managed",
      "type": "iosxe_interface_ethernet",
      "name": "offices_ap",
      "provider": "provider[\"registry.terraform.io/ciscodevnet/iosxe\"]",
      "instances": [
        {
          "schema_version": 0,
          "attributes": {
            "arp_timeout": null,
            "authentication_event_fail_action_authorize_vlan": null,
            "authentication_event_fail_action_next_method": null,
            "authentication_event_linksec_fail_action_next_method": null,
            "authentication_event_no_response_action_authorize_vlan": null,
            "authentication_event_server_alive_action_reinitialize": null,
            "authentication_event_server_dead_action_authorize": null,
            "authentication_event_server_dead_action_authorize_vlan": null,
            "authentication_event_server_dead_action_authorize_voice": null,
            "authentication_event_server_dead_action_reinitialize_vlan": null,
            "authentication_host_mode": null,
            "authentication_order_dot1x": null,
            "authentication_order_dot1x_mab": null,
            "authentication_order_dot1x_webauth": null,
            "authentication_order_mab": null,
            "authentication_order_mab_dot1x": null,
            "authentication_order_mab_webauth": null,
            "authentication_order_webauth": null,
            "authentication_periodic": null,
            "authentication_port_control": null,
            "authentication_priority_dot1x": null,
            "authentication_priority_dot1x_mab": null,
            "authentication_priority_dot1x_webauth": null,
            "authentication_priority_mab": null,
            "authentication_priority_mab_dot1x": null,
            "authentication_priority_mab_webauth": null,
            "authentication_priority_webauth": null,
            "authentication_timer_reauthenticate": null,
            "authentication_timer_reauthenticate_server": null,
            "auto_qos_classify": null,
            "auto_qos_classify_police": null,
            "auto_qos_trust": null,
            "auto_qos_trust_cos": null,
            "auto_qos_trust_dscp": null,
            "auto_qos_video_cts": null,
            "auto_qos_video_ip_camera": null,
            "auto_qos_video_media_player": null,
            "auto_qos_voip_cisco_phone": null,
            "auto_qos_voip_cisco_softphone": null,
            "auto_qos_voip_trust": null,
            "bandwidth": null,
            "bfd_echo": null,
            "bfd_enable": null,
            "bfd_interval": null,
            "bfd_interval_min_rx": null,
            "bfd_interval_multiplier": null,
            "bfd_local_address": null,
            "bfd_template": null,
            "bpduguard_disable": null,
            "bpduguard_enable": null,
            "carrier_delay_msec": null,
            "cdp_enable": null,
            "cdp_tlv_app": null,
            "cdp_tlv_location": null,
            "cdp_tlv_server_location": null,
            "channel_group_mode": null,
            "channel_group_number": null,
            "description": "Offices AP",
            "device": null,
            "device_tracking": null,
            "device_tracking_attached_policies": null,
            "dot1x_max_reauth_req": null,
            "dot1x_max_req": null,
            "dot1x_pae": null,
            "dot1x_timeout_auth_period": null,
            "dot1x_timeout_held_period": null,
            "dot1x_timeout_quiet_period": null,
            "dot1x_timeout_ratelimit_period": null,
            "dot1x_timeout_server_timeout": null,
            "dot1x_timeout_start_period": null,
            "dot1x_timeout_supp_timeout": null,
            "dot1x_timeout_tx_period": null,
            "encapsulation_dot1q_vlan_id": null,
            "evpn_ethernet_segments": null,
            "helper_addresses": null,
            "hold_queues": null,
            "id": "Cisco-IOS-XE-native:native/interface/GigabitEthernet=1%2F0%2F14",
            "ip_access_group_in": null,
            "ip_access_group_in_enable": null,
            "ip_access_group_out": null,
            "ip_access_group_out_enable": null,
            "ip_arp_inspection_limit_rate": null,
            "ip_arp_inspection_trust": null,
            "ip_dhcp_relay_information_option_vpn_id": null,
            "ip_dhcp_relay_source_interface": null,
            "ip_dhcp_snooping_trust": null,
            "ip_flow_monitors": null,
            "ip_igmp_version": null,
            "ip_nat_inside": null,
            "ip_nat_outside": null,
            "ip_nbar_protocol_discovery": null,
            "ip_proxy_arp": null,
            "ip_redirects": null,
            "ip_router_isis": null,
            "ip_unreachables": null,
            "ipv4_address": null,
            "ipv4_address_mask": null,
            "ipv6_address_autoconfig_default": null,
            "ipv6_address_dhcp": null,
            "ipv6_addresses": null,
            "ipv6_enable": null,
            "ipv6_flow_monitors": null,
            "ipv6_link_local_addresses": null,
            "ipv6_mtu": null,
            "ipv6_nd_ra_suppress_all": null,
            "load_interval": null,
            "logging_event_link_status_enable": null,
            "mab": null,
            "mab_eap": null,
            "media_type": null,
            "mtu": null,
            "name": "1/0/14",
            "negotiation_auto": null,
            "service_instances": null,
            "service_policy_input": null,
            "service_policy_output": null,
            "shutdown": null,
            "snmp_trap_link_status": null,
            "source_template": null,
            "spanning_tree_guard": null,
            "spanning_tree_link_type": null,
            "spanning_tree_portfast": null,
            "spanning_tree_portfast_disable": null,
            "spanning_tree_portfast_edge": null,
            "spanning_tree_portfast_trunk": null,
            "speed_100": null,
            "speed_1000": null,
            "speed_10000": null,
            "speed_100000": null,
            "speed_2500": null,
            "speed_25000": null,
            "speed_40000": null,
            "speed_5000": null,
            "speed_nonegotiate": null,
            "switchport": null,
            "trust_device": null,
            "type": "GigabitEthernet",
            "unnumbered": null,
            "vrf_forwarding": null
          },
          "sensitive_attributes": [],
          "identity_schema_version": 0,
          "private": "eyJpbXBvcnRpbmciOiJNQT09In0="
        }
      ]
    },
    {
      "mode": "managed",
      "type": "iosxe_interface_ethernet",
      "name": "pihole2",
      "provider": "provider[\"registry.terraform.io/ciscodevnet/iosxe\"]",
      "instances": [
        {
          "schema_version": 0,
          "attributes": {
            "arp_timeout": null,
            "authentication_event_fail_action_authorize_vlan": null,
            "authentication_event_fail_action_next_method": null,
            "authentication_event_linksec_fail_action_next_method": null,
            "authentication_event_no_response_action_authorize_vlan": null,
            "authentication_event_server_alive_action_reinitialize": null,
            "authentication_event_server_dead_action_authorize": null,
            "authentication_event_server_dead_action_authorize_vlan": null,
            "authentication_event_server_dead_action_authorize_voice": null,
            "authentication_event_server_dead_action_reinitialize_vlan": null,
            "authentication_host_mode": null,
            "authentication_order_dot1x": null,
            "authentication_order_dot1x_mab": null,
            "authentication_order_dot1x_webauth": null,
            "authentication_order_mab": null,
            "authentication_order_mab_dot1x": null,
            "authentication_order_mab_webauth": null,
            "authentication_order_webauth": null,
            "authentication_periodic": null,
            "authentication_port_control": null,
            "authentication_priority_dot1x": null,
            "authentication_priority_dot1x_mab": null,
            "authentication_priority_dot1x_webauth": null,
            "authentication_priority_mab": null,
            "authentication_priority_mab_dot1x": null,
            "authentication_priority_mab_webauth": null,
            "authentication_priority_webauth": null,
            "authentication_timer_reauthenticate": null,
            "authentication_timer_reauthenticate_server": null,
            "auto_qos_classify": null,
            "auto_qos_classify_police": null,
            "auto_qos_trust": null,
            "auto_qos_trust_cos": null,
            "auto_qos_trust_dscp": null,
            "auto_qos_video_cts": null,
            "auto_qos_video_ip_camera": null,
            "auto_qos_video_media_player": null,
            "auto_qos_voip_cisco_phone": null,
            "auto_qos_voip_cisco_softphone": null,
            "auto_qos_voip_trust": null,
            "bandwidth": null,
            "bfd_echo": null,
            "bfd_enable": null,
            "bfd_interval": null,
            "bfd_interval_min_rx": null,
            "bfd_interval_multiplier": null,
            "bfd_local_address": null,
            "bfd_template": null,
            "bpduguard_disable": null,
            "bpduguard_enable": null,
            "carrier_delay_msec": null,
            "cdp_enable": null,
            "cdp_tlv_app": null,
            "cdp_tlv_location": null,
            "cdp_tlv_server_location": null,
            "channel_group_mode": null,
            "channel_group_number": null,
            "description": "PiHole2",
            "device": null,
            "device_tracking": null,
            "device_tracking_attached_policies": null,
            "dot1x_max_reauth_req": null,
            "dot1x_max_req": null,
            "dot1x_pae": null,
            "dot1x_timeout_auth_period": null,
            "dot1x_timeout_held_period": null,
            "dot1x_timeout_quiet_period": null,
            "dot1x_timeout_ratelimit_period": null,
            "dot1x_timeout_server_timeout": null,
            "dot1x_timeout_start_period": null,
            "dot1x_timeout_supp_timeout": null,
            "dot1x_timeout_tx_period": null,
            "encapsulation_dot1q_vlan_id": null,
            "evpn_ethernet_segments": null,
            "helper_addresses": null,
            "hold_queues": null,
            "id": "Cisco-IOS-XE-native:native/interface/GigabitEthernet=1%2F0%2F1",
            "ip_access_group_in": null,
            "ip_access_group_in_enable": null,
            "ip_access_group_out": null,
            "ip_access_group_out_enable": null,
            "ip_arp_inspection_limit_rate": null,
            "ip_arp_inspection_trust": null,
            "ip_dhcp_relay_information_option_vpn_id": null,
            "ip_dhcp_relay_source_interface": null,
            "ip_dhcp_snooping_trust": null,
            "ip_flow_monitors": null,
            "ip_igmp_version": null,
            "ip_nat_inside": null,
            "ip_nat_outside": null,
            "ip_nbar_protocol_discovery": null,
            "ip_proxy_arp": null,
            "ip_redirects": null,
            "ip_router_isis": null,
            "ip_unreachables": null,
            "ipv4_address": null,
            "ipv4_address_mask": null,
            "ipv6_address_autoconfig_default": null,
            "ipv6_address_dhcp": null,
            "ipv6_addresses": null,
            "ipv6_enable": null,
            "ipv6_flow_monitors": null,
            "ipv6_link_local_addresses": null,
            "ipv6_mtu": null,
            "ipv6_nd_ra_suppress_all": null,
            "load_interval": null,
            "logging_event_link_status_enable": null,
            "mab": null,
            "mab_eap": null,
            "media_type": null,
            "mtu": null,
            "name": "1/0/1",
            "negotiation_auto": null,
            "service_instances": null,
            "service_policy_input": null,
            "service_policy_output": null,
            "shutdown": null,
            "snmp_trap_link_status": null,
            "source_template": null,
            "spanning_tree_guard": null,
            "spanning_tree_link_type": null,
            "spanning_tree_portfast": null,
            "spanning_tree_portfast_disable": null,
            "spanning_tree_portfast_edge": null,
            "spanning_tree_portfast_trunk": null,
            "speed_100": null,
            "speed_1000": null,
            "speed_10000": null,
            "speed_100000": null,
            "speed_2500": null,
            "speed_25000": null,
            "speed_40000": null,
            "speed_5000": null,
            "speed_nonegotiate": null,
            "switchport": null,
            "trust_device": null,
            "type": "GigabitEthernet",
            "unnumbered": null,
            "vrf_forwarding": null
          },
          "sensitive_attributes": [],
          "identity_schema_version": 0,
          "private": "eyJpbXBvcnRpbmciOiJNQT09In0="
        }
      ]
    },
    {
      "mode": "managed",
      "type": "iosxe_interface_ethernet",
      "name": "sunroom_ap",
      "provider": "provider[\"registry.terraform.io/ciscodevnet/iosxe\"]",
      "instances": [
        {
          "schema_version": 0,
          "attributes": {
            "arp_timeout": null,
            "authentication_event_fail_action_authorize_vlan": null,
            "authentication_event_fail_action_next_method": null,
            "authentication_event_linksec_fail_action_next_method": null,
            "authentication_event_no_response_action_authorize_vlan": null,
            "authentication_event_server_alive_action_reinitialize": null,
            "authentication_event_server_dead_action_authorize": null,
            "authentication_event_server_dead_action_authorize_vlan": null,
            "authentication_event_server_dead_action_authorize_voice": null,
            "authentication_event_server_dead_action_reinitialize_vlan": null,
            "authentication_host_mode": null,
            "authentication_order_dot1x": null,
            "authentication_order_dot1x_mab": null,
            "authentication_order_dot1x_webauth": null,
            "authentication_order_mab": null,
            "authentication_order_mab_dot1x": null,
            "authentication_order_mab_webauth": null,
            "authentication_order_webauth": null,
            "authentication_periodic": null,
            "authentication_port_control": null,
            "authentication_priority_dot1x": null,
            "authentication_priority_dot1x_mab": null,
            "authentication_priority_dot1x_webauth": null,
            "authentication_priority_mab": null,
            "authentication_priority_mab_dot1x": null,
            "authentication_priority_mab_webauth": null,
            "authentication_priority_webauth": null,
            "authentication_timer_reauthenticate": null,
            "authentication_timer_reauthenticate_server": null,
            "auto_qos_classify": null,
            "auto_qos_classify_police": null,
            "auto_qos_trust": null,
            "auto_qos_trust_cos": null,
            "auto_qos_trust_dscp": null,
            "auto_qos_video_cts": null,
            "auto_qos_video_ip_camera": null,
            "auto_qos_video_media_player": null,
            "auto_qos_voip_cisco_phone": null,
            "auto_qos_voip_cisco_softphone": null,
            "auto_qos_voip_trust": null,
            "bandwidth": null,
            "bfd_echo": null,
            "bfd_enable": null,
            "bfd_interval": null,
            "bfd_interval_min_rx": null,
            "bfd_interval_multiplier": null,
            "bfd_local_address": null,
            "bfd_template": null,
            "bpduguard_disable": null,
            "bpduguard_enable": null,
            "carrier_delay_msec": null,
            "cdp_enable": null,
            "cdp_tlv_app": null,
            "cdp_tlv_location": null,
            "cdp_tlv_server_location": null,
            "channel_group_mode": null,
            "channel_group_number": null,
            "description": "Sunroom AP",
            "device": null,
            "device_tracking": null,
            "device_tracking_attached_policies": null,
            "dot1x_max_reauth_req": null,
            "dot1x_max_req": null,
            "dot1x_pae": null,
            "dot1x_timeout_auth_period": null,
            "dot1x_timeout_held_period": null,
            "dot1x_timeout_quiet_period": null,
            "dot1x_timeout_ratelimit_period": null,
            "dot1x_timeout_server_timeout": null,
            "dot1x_timeout_start_period": null,
            "dot1x_timeout_supp_timeout": null,
            "dot1x_timeout_tx_period": null,
            "encapsulation_dot1q_vlan_id": null,
            "evpn_ethernet_segments": null,
            "helper_addresses": null,
            "hold_queues": null,
            "id": "Cisco-IOS-XE-native:native/interface/GigabitEthernet=1%2F0%2F16",
            "ip_access_group_in": null,
            "ip_access_group_in_enable": null,
            "ip_access_group_out": null,
            "ip_access_group_out_enable": null,
            "ip_arp_inspection_limit_rate": null,
            "ip_arp_inspection_trust": null,
            "ip_dhcp_relay_information_option_vpn_id": null,
            "ip_dhcp_relay_source_interface": null,
            "ip_dhcp_snooping_trust": null,
            "ip_flow_monitors": null,
            "ip_igmp_version": null,
            "ip_nat_inside": null,
            "ip_nat_outside": null,
            "ip_nbar_protocol_discovery": null,
            "ip_proxy_arp": null,
            "ip_redirects": null,
            "ip_router_isis": null,
            "ip_unreachables": null,
            "ipv4_address": null,
            "ipv4_address_mask": null,
            "ipv6_address_autoconfig_default": null,
            "ipv6_address_dhcp": null,
            "ipv6_addresses": null,
            "ipv6_enable": null,
            "ipv6_flow_monitors": null,
            "ipv6_link_local_addresses": null,
            "ipv6_mtu": null,
            "ipv6_nd_ra_suppress_all": null,
            "load_interval": null,
            "logging_event_link_status_enable": null,
            "mab": null,
            "mab_eap": null,
            "media_type": null,
            "mtu": null,
            "name": "1/0/16",
            "negotiation_auto": null,
            "service_instances": null,
            "service_policy_input": null,
            "service_policy_output": null,
            "shutdown": null,
            "snmp_trap_link_status": null,
            "source_template": null,
            "spanning_tree_guard": null,
            "spanning_tree_link_type": null,
            "spanning_tree_portfast": null,
            "spanning_tree_portfast_disable": null,
            "spanning_tree_portfast_edge": null,
            "spanning_tree_portfast_trunk": null,
            "speed_100": null,
            "speed_1000": null,
            "speed_10000": null,
            "speed_100000": null,
            "speed_2500": null,
            "speed_25000": null,
            "speed_40000": null,
            "speed_5000": null,
            "speed_nonegotiate": null,
            "switchport": null,
            "trust_device": null,
            "type": "GigabitEthernet",
            "unnumbered": null,
            "vrf_forwarding": null
          },
          "sensitive_attributes": [],
          "identity_schema_version": 0,
          "private": "eyJpbXBvcnRpbmciOiJNQT09In0="
        }
      ]
    },
    {
      "mode": "managed",
      "type": "iosxe_interface_ethernet",
      "name": "truenas",
      "provider": "provider[\"registry.terraform.io/ciscodevnet/iosxe\"]",
      "instances": [
        {
          "schema_version": 0,
          "attributes": {
            "arp_timeout": null,
            "authentication_event_fail_action_authorize_vlan": null,
            "authentication_event_fail_action_next_method": null,
            "authentication_event_linksec_fail_action_next_method": null,
            "authentication_event_no_response_action_authorize_vlan": null,
            "authentication_event_server_alive_action_reinitialize": null,
            "authentication_event_server_dead_action_authorize": null,
            "authentication_event_server_dead_action_authorize_vlan": null,
            "authentication_event_server_dead_action_authorize_voice": null,
            "authentication_event_server_dead_action_reinitialize_vlan": null,
            "authentication_host_mode": null,
            "authentication_order_dot1x": null,
            "authentication_order_dot1x_mab": null,
            "authentication_order_dot1x_webauth": null,
            "authentication_order_mab": null,
            "authentication_order_mab_dot1x": null,
            "authentication_order_mab_webauth": null,
            "authentication_order_webauth": null,
            "authentication_periodic": null,
            "authentication_port_control": null,
            "authentication_priority_dot1x": null,
            "authentication_priority_dot1x_mab": null,
            "authentication_priority_dot1x_webauth": null,
            "authentication_priority_mab": null,
            "authentication_priority_mab_dot1x": null,
            "authentication_priority_mab_webauth": null,
            "authentication_priority_webauth": null,
            "authentication_timer_reauthenticate": null,
            "authentication_timer_reauthenticate_server": null,
            "auto_qos_classify": null,
            "auto_qos_classify_police": null,
            "auto_qos_trust": null,
            "auto_qos_trust_cos": null,
            "auto_qos_trust_dscp": null,
            "auto_qos_video_cts": null,
            "auto_qos_video_ip_camera": null,
            "auto_qos_video_media_player": null,
            "auto_qos_voip_cisco_phone": null,
            "auto_qos_voip_cisco_softphone": null,
            "auto_qos_voip_trust": null,
            "bandwidth": null,
            "bfd_echo": null,
            "bfd_enable": null,
            "bfd_interval": null,
            "bfd_interval_min_rx": null,
            "bfd_interval_multiplier": null,
            "bfd_local_address": null,
            "bfd_template": null,
            "bpduguard_disable": null,
            "bpduguard_enable": null,
            "carrier_delay_msec": null,
            "cdp_enable": null,
            "cdp_tlv_app": null,
            "cdp_tlv_location": null,
            "cdp_tlv_server_location": null,
            "channel_group_mode": null,
            "channel_group_number": null,
            "description": "TrueNAS Scale",
            "device": null,
            "device_tracking": null,
            "device_tracking_attached_policies": null,
            "dot1x_max_reauth_req": null,
            "dot1x_max_req": null,
            "dot1x_pae": null,
            "dot1x_timeout_auth_period": null,
            "dot1x_timeout_held_period": null,
            "dot1x_timeout_quiet_period": null,
            "dot1x_timeout_ratelimit_period": null,
            "dot1x_timeout_server_timeout": null,
            "dot1x_timeout_start_period": null,
            "dot1x_timeout_supp_timeout": null,
            "dot1x_timeout_tx_period": null,
            "encapsulation_dot1q_vlan_id": null,
            "evpn_ethernet_segments": null,
            "helper_addresses": null,
            "hold_queues": null,
            "id": "Cisco-IOS-XE-native:native/interface/GigabitEthernet=1%2F0%2F4",
            "ip_access_group_in": null,
            "ip_access_group_in_enable": null,
            "ip_access_group_out": null,
            "ip_access_group_out_enable": null,
            "ip_arp_inspection_limit_rate": null,
            "ip_arp_inspection_trust": null,
            "ip_dhcp_relay_information_option_vpn_id": null,
            "ip_dhcp_relay_source_interface": null,
            "ip_dhcp_snooping_trust": null,
            "ip_flow_monitors": null,
            "ip_igmp_version": null,
            "ip_nat_inside": null,
            "ip_nat_outside": null,
            "ip_nbar_protocol_discovery": null,
            "ip_proxy_arp": null,
            "ip_redirects": null,
            "ip_router_isis": null,
            "ip_unreachables": null,
            "ipv4_address": null,
            "ipv4_address_mask": null,
            "ipv6_address_autoconfig_default": null,
            "ipv6_address_dhcp": null,
            "ipv6_addresses": null,
            "ipv6_enable": null,
            "ipv6_flow_monitors": null,
            "ipv6_link_local_addresses": null,
            "ipv6_mtu": null,
            "ipv6_nd_ra_suppress_all": null,
            "load_interval": null,
            "logging_event_link_status_enable": null,
            "mab": null,
            "mab_eap": null,
            "media_type": null,
            "mtu": null,
            "name": "1/0/4",
            "negotiation_auto": null,
            "service_instances": null,
            "service_policy_input": null,
            "service_policy_output": null,
            "shutdown": null,
            "snmp_trap_link_status": null,
            "source_template": null,
            "spanning_tree_guard": null,
            "spanning_tree_link_type": null,
            "spanning_tree_portfast": null,
            "spanning_tree_portfast_disable": null,
            "spanning_tree_portfast_edge": null,
            "spanning_tree_portfast_trunk": null,
            "speed_100": null,
            "speed_1000": null,
            "speed_10000": null,
            "speed_100000": null,
            "speed_2500": null,
            "speed_25000": null,
            "speed_40000": null,
            "speed_5000": null,
            "speed_nonegotiate": null,
            "switchport": null,
            "trust_device": null,
            "type": "GigabitEthernet",
            "unnumbered": null,
            "vrf_forwarding": null
          },
          "sensitive_attributes": [],
          "identity_schema_version": 0,
          "private": "eyJpbXBvcnRpbmciOiJNQT09In0="
        }
      ]
    },
    {
      "mode": "managed",
      "type": "iosxe_interface_ethernet",
      "name": "trunk_tap",
      "provider": "provider[\"registry.terraform.io/ciscodevnet/iosxe\"]",
      "instances": [
        {
          "schema_version": 0,
          "attributes": {
            "arp_timeout": null,
            "authentication_event_fail_action_authorize_vlan": null,
            "authentication_event_fail_action_next_method": null,
            "authentication_event_linksec_fail_action_next_method": null,
            "authentication_event_no_response_action_authorize_vlan": null,
            "authentication_event_server_alive_action_reinitialize": null,
            "authentication_event_server_dead_action_authorize": null,
            "authentication_event_server_dead_action_authorize_vlan": null,
            "authentication_event_server_dead_action_authorize_voice": null,
            "authentication_event_server_dead_action_reinitialize_vlan": null,
            "authentication_host_mode": null,
            "authentication_order_dot1x": null,
            "authentication_order_dot1x_mab": null,
            "authentication_order_dot1x_webauth": null,
            "authentication_order_mab": null,
            "authentication_order_mab_dot1x": null,
            "authentication_order_mab_webauth": null,
            "authentication_order_webauth": null,
            "authentication_periodic": null,
            "authentication_port_control": null,
            "authentication_priority_dot1x": null,
            "authentication_priority_dot1x_mab": null,
            "authentication_priority_dot1x_webauth": null,
            "authentication_priority_mab": null,
            "authentication_priority_mab_dot1x": null,
            "authentication_priority_mab_webauth": null,
            "authentication_priority_webauth": null,
            "authentication_timer_reauthenticate": null,
            "authentication_timer_reauthenticate_server": null,
            "auto_qos_classify": null,
            "auto_qos_classify_police": null,
            "auto_qos_trust": null,
            "auto_qos_trust_cos": null,
            "auto_qos_trust_dscp": null,
            "auto_qos_video_cts": null,
            "auto_qos_video_ip_camera": null,
            "auto_qos_video_media_player": null,
            "auto_qos_voip_cisco_phone": null,
            "auto_qos_voip_cisco_softphone": null,
            "auto_qos_voip_trust": null,
            "bandwidth": null,
            "bfd_echo": null,
            "bfd_enable": null,
            "bfd_interval": null,
            "bfd_interval_min_rx": null,
            "bfd_interval_multiplier": null,
            "bfd_local_address": null,
            "bfd_template": null,
            "bpduguard_disable": null,
            "bpduguard_enable": null,
            "carrier_delay_msec": null,
            "cdp_enable": null,
            "cdp_tlv_app": null,
            "cdp_tlv_location": null,
            "cdp_tlv_server_location": null,
            "channel_group_mode": null,
            "channel_group_number": null,
            "description": null,
            "device": null,
            "device_tracking": null,
            "device_tracking_attached_policies": null,
            "dot1x_max_reauth_req": null,
            "dot1x_max_req": null,
            "dot1x_pae": null,
            "dot1x_timeout_auth_period": null,
            "dot1x_timeout_held_period": null,
            "dot1x_timeout_quiet_period": null,
            "dot1x_timeout_ratelimit_period": null,
            "dot1x_timeout_server_timeout": null,
            "dot1x_timeout_start_period": null,
            "dot1x_timeout_supp_timeout": null,
            "dot1x_timeout_tx_period": null,
            "encapsulation_dot1q_vlan_id": null,
            "evpn_ethernet_segments": null,
            "helper_addresses": null,
            "hold_queues": null,
            "id": "Cisco-IOS-XE-native:native/interface/GigabitEthernet=1%2F0%2F11",
            "ip_access_group_in": null,
            "ip_access_group_in_enable": null,
            "ip_access_group_out": null,
            "ip_access_group_out_enable": null,
            "ip_arp_inspection_limit_rate": null,
            "ip_arp_inspection_trust": null,
            "ip_dhcp_relay_information_option_vpn_id": null,
            "ip_dhcp_relay_source_interface": null,
            "ip_dhcp_snooping_trust": null,
            "ip_flow_monitors": null,
            "ip_igmp_version": null,
            "ip_nat_inside": null,
            "ip_nat_outside": null,
            "ip_nbar_protocol_discovery": null,
            "ip_proxy_arp": null,
            "ip_redirects": null,
            "ip_router_isis": null,
            "ip_unreachables": null,
            "ipv4_address": null,
            "ipv4_address_mask": null,
            "ipv6_address_autoconfig_default": null,
            "ipv6_address_dhcp": null,
            "ipv6_addresses": null,
            "ipv6_enable": null,
            "ipv6_flow_monitors": null,
            "ipv6_link_local_addresses": null,
            "ipv6_mtu": null,
            "ipv6_nd_ra_suppress_all": null,
            "load_interval": null,
            "logging_event_link_status_enable": null,
            "mab": null,
            "mab_eap": null,
            "media_type": null,
            "mtu": null,
            "name": "1/0/11",
            "negotiation_auto": null,
            "service_instances": null,
            "service_policy_input": null,
            "service_policy_output": null,
            "shutdown": null,
            "snmp_trap_link_status": null,
            "source_template": null,
            "spanning_tree_guard": null,
            "spanning_tree_link_type": null,
            "spanning_tree_portfast": null,
            "spanning_tree_portfast_disable": null,
            "spanning_tree_portfast_edge": null,
            "spanning_tree_portfast_trunk": null,
            "speed_100": null,
            "speed_1000": null,
            "speed_10000": null,
            "speed_100000": null,
            "speed_2500": null,
            "speed_25000": null,
            "speed_40000": null,
            "speed_5000": null,
            "speed_nonegotiate": null,
            "switchport": null,
            "trust_device": null,
            "type": "GigabitEthernet",
            "unnumbered": null,
            "vrf_forwarding": null
          },
          "sensitive_attributes": [],
          "identity_schema_version": 0,
          "private": "eyJpbXBvcnRpbmciOiJNQT09In0="
        }
      ]
    },
    {
      "mode": "managed",
      "type": "iosxe_interface_port_channel",
      "name": "egress",
      "provider": "provider[\"registry.terraform.io/ciscodevnet/iosxe\"]",
      "instances": [
        {
          "schema_version": 0,
          "attributes": {
            "arp_timeout": null,
            "auto_qos_classify": null,
            "auto_qos_classify_police": null,
            "auto_qos_trust": null,
            "auto_qos_trust_cos": null,
            "auto_qos_trust_dscp": null,
            "auto_qos_video_cts": null,
            "auto_qos_video_ip_camera": null,
            "auto_qos_video_media_player": null,
            "auto_qos_voip_cisco_phone": null,
            "auto_qos_voip_cisco_softphone": null,
            "auto_qos_voip_trust": null,
            "bfd_echo": null,
            "bfd_enable": null,
            "bfd_interval": null,
            "bfd_interval_min_rx": null,
            "bfd_interval_multiplier": null,
            "bfd_local_address": null,
            "bfd_template": null,
            "delete_mode": null,
            "description": "Gateway",
            "device": null,
            "device_tracking": null,
            "device_tracking_attached_policies": null,
            "evpn_ethernet_segments": null,
            "helper_addresses": null,
            "id": "Cisco-IOS-XE-native:native/interface/Port-channel=1",
            "ip_access_group_in": null,
            "ip_access_group_in_enable": null,
            "ip_access_group_out": null,
            "ip_access_group_out_enable": null,
            "ip_arp_inspection_limit_rate": null,
            "ip_arp_inspection_trust": null,
            "ip_dhcp_relay_source_interface": null,
            "ip_dhcp_snooping_trust": null,
            "ip_flow_monitors": null,
            "ip_igmp_version": null,
            "ip_nat_inside": null,
            "ip_nat_outside": null,
            "ip_proxy_arp": null,
            "ip_redirects": null,
            "ip_router_isis": null,
            "ip_unreachables": null,
            "ipv4_address": null,
            "ipv4_address_mask": null,
            "ipv6_address_autoconfig_default": null,
            "ipv6_address_dhcp": null,
            "ipv6_addresses": null,
            "ipv6_enable": null,
            "ipv6_flow_monitors": null,
            "ipv6_link_local_addresses": null,
            "ipv6_mtu": null,
            "ipv6_nd_ra_suppress_all": null,
            "load_interval": null,
            "logging_event_link_status_enable": null,
            "name": 1,
            "negotiation_auto": null,
            "shutdown": null,
            "snmp_trap_link_status": null,
            "spanning_tree_guard": null,
            "spanning_tree_link_type": null,
            "switchport": null,
            "trust_device": null,
            "vrf_forwarding": null
          },
          "sensitive_attributes": [],
          "identity_schema_version": 0,
          "private": "eyJpbXBvcnRpbmciOiJNQT09In0="
        }
      ]
    },
    {
      "mode": "managed",
      "type": "iosxe_interface_vlan",
      "name": "management",
      "provider": "provider[\"registry.terraform.io/ciscodevnet/iosxe\"]",
      "instances": [
        {
          "schema_version": 0,
          "attributes": {
            "autostate": null,
            "bfd_echo": null,
            "bfd_enable": null,
            "bfd_interval": null,
            "bfd_interval_min_rx": null,
            "bfd_interval_multiplier": null,
            "bfd_local_address": null,
            "bfd_template": null,
            "delete_mode": null,
            "description": "Management",
            "device": null,
            "helper_addresses": null,
            "id": "Cisco-IOS-XE-native:native/interface/Vlan=1",
            "ip_access_group_in": null,
            "ip_access_group_in_enable": null,
            "ip_access_group_out": null,
            "ip_access_group_out_enable": null,
            "ip_dhcp_relay_information_option_vpn_id": null,
            "ip_dhcp_relay_source_interface": null,
            "ip_igmp_version": null,
            "ip_local_proxy_arp": null,
            "ip_nat_inside": null,
            "ip_nat_outside": null,
            "ip_proxy_arp": null,
            "ip_redirects": null,
            "ip_router_isis": null,
            "ip_unreachables": null,
            "ipv4_address": "192.168.1.253",
            "ipv4_address_mask": "255.255.255.0",
            "ipv6_address_autoconfig_default": null,
            "ipv6_address_dhcp": null,
            "ipv6_addresses": null,
            "ipv6_enable": null,
            "ipv6_link_local_addresses": null,
            "ipv6_mtu": null,
            "ipv6_nd_ra_suppress_all": null,
            "load_interval": null,
            "mac_address": null,
            "name": 1,
            "shutdown": null,
            "unnumbered": null,
            "vrf_forwarding": null
          },
          "sensitive_attributes": [],
          "identity_schema_version": 0,
          "private": "eyJpbXBvcnRpbmciOiJNQT09In0="
        }
      ]
    },
    {
      "mode": "managed",
      "type": "iosxe_logging",
      "name": "this",
      "provider": "provider[\"registry.terraform.io/ciscodevnet/iosxe\"]",
      "instances": [
        {
          "schema_version": 0,
          "attributes": {
            "buffered_severity": null,
            "buffered_severity_legacy": null,
            "buffered_size": null,
            "buffered_size_legacy": null,
            "console": null,
            "console_severity": null,
            "device": null,
            "facility": null,
            "file_max_size": null,
            "file_min_size": null,
            "file_name": null,
            "file_severity": null,
            "history_severity": null,
            "history_size": null,
            "id": "Cisco-IOS-XE-native:native/logging",
            "ipv4_hosts": [
              {
                "ipv4_host": "192.168.1.1"
              }
            ],
            "ipv4_hosts_transport": null,
            "ipv4_vrf_hosts": null,
            "ipv4_vrf_hosts_transport": null,
            "ipv6_hosts": null,
            "ipv6_hosts_transport": null,
            "ipv6_vrf_hosts": null,
            "ipv6_vrf_hosts_transport": null,
            "logging_count": null,
            "monitor_severity": null,
            "origin_id_name": null,
            "origin_id_type": null,
            "persistent_batch": null,
            "persistent_filesize": null,
            "persistent_immediate": null,
            "persistent_notify": null,
            "persistent_protected": null,
            "persistent_size": null,
            "persistent_threshold": null,
            "persistent_url": null,
            "rate_limit_all": null,
            "rate_limit_all_except_severity": null,
            "rate_limit_console": null,
            "rate_limit_console_all": null,
            "rate_limit_console_all_except_severity": null,
            "rate_limit_console_except_severity": null,
            "source_interface": null,
            "source_interfaces_vrf": null,
            "trap": null,
            "trap_severity": null
          },
          "sensitive_attributes": [],
          "identity_schema_version": 0,
          "private": "eyJpbXBvcnRpbmciOiJNQT09In0="
        }
      ]
    },
    {
      "mode": "managed",
      "type": "iosxe_ntp",
      "name": "this",
      "provider": "provider[\"registry.terraform.io/ciscodevnet/iosxe\"]",
      "instances": [
        {
          "schema_version": 0,
          "attributes": {
            "access_group_peer_acl": null,
            "access_group_query_only_acl": null,
            "access_group_serve_acl": null,
            "access_group_serve_only_acl": null,
            "authenticate": null,
            "authentication_keys": null,
            "clock_period": null,
            "delete_mode": null,
            "device": null,
            "id": "Cisco-IOS-XE-native:native/ntp",
            "logging": null,
            "master": null,
            "master_stratum": null,
            "passive": null,
            "peer_vrfs": null,
            "peers": null,
            "server_vrfs": null,
            "servers": [
              {
                "burst": null,
                "iburst": null,
                "ip_address": "192.168.1.1",
                "key": null,
                "periodic": null,
                "prefer": null,
                "source": null,
                "version": null
              }
            ],
            "source_forty_gigabit_ethernet": null,
            "source_gigabit_ethernet": null,
            "source_hundred_gigabit_ethernet": null,
            "source_loopback": null,
            "source_port_channel": null,
            "source_port_channel_subinterface": null,
            "source_ten_gigabit_ethernet": null,
            "source_vlan": null,
            "trusted_keys": null,
            "update_calendar": null
          },
          "sensitive_attributes": [],
          "identity_schema_version": 0,
          "private": "eyJpbXBvcnRpbmciOiJNQT09In0="
        }
      ]
    },
    {
      "mode": "managed",
      "type": "iosxe_system",
      "name": "this",
      "provider": "provider[\"registry.terraform.io/ciscodevnet/iosxe\"]",
      "instances": [
        {
          "schema_version": 0,
          "attributes": {
            "access_session_mac_move_deny": null,
            "archive_log_config_logging_enable": null,
            "archive_log_config_logging_size": null,
            "archive_maximum": null,
            "archive_path": null,
            "archive_time_period": null,
            "archive_write_memory": null,
            "authentication_mac_move_deny_uncontrolled": null,
            "authentication_mac_move_permit": null,
            "boot_system_bootfiles": null,
            "boot_system_flash_files": null,
            "call_home_cisco_tac_1_destination_transport_method": null,
            "call_home_cisco_tac_1_profile_active": null,
            "call_home_contact_email": null,
            "cisp_enable": null,
            "control_plane_service_policy_input": null,
            "device": null,
            "device_classifier": null,
            "diagnostic_bootup_level": null,
            "diagnostic_event_log_size": null,
            "enable_secret": null,
            "enable_secret_level": null,
            "enable_secret_type": null,
            "enable_secret_wo": null,
            "enable_secret_wo_version": null,
            "epm_logging": null,
            "ethernet_cfm_alarm_config_delay": null,
            "ethernet_cfm_alarm_config_reset": null,
            "hostname": "switch",
            "id": "Cisco-IOS-XE-native:native",
            "igmp_snooping_querier": null,
            "igmp_snooping_querier_max_response_time": null,
            "igmp_snooping_querier_timer_expiry": null,
            "igmp_snooping_querier_version": null,
            "ip_bgp_community_new_format": null,
            "ip_cef_load_sharing_algorithm_include_ports_destination": null,
            "ip_cef_load_sharing_algorithm_include_ports_source": null,
            "ip_default_gateway": "192.168.1.1",
            "ip_domain_list_names": null,
            "ip_domain_list_vrf": null,
            "ip_domain_list_vrf_domain": null,
            "ip_domain_lookup": null,
            "ip_domain_lookup_nsap": null,
            "ip_domain_lookup_recursive": null,
            "ip_domain_lookup_source_interface_five_gigabit_ethernet": null,
            "ip_domain_lookup_source_interface_forty_gigabit_ethernet": null,
            "ip_domain_lookup_source_interface_gigabit_ethernet": null,
            "ip_domain_lookup_source_interface_hundred_gigabit_ethernet": null,
            "ip_domain_lookup_source_interface_loopback": null,
            "ip_domain_lookup_source_interface_ten_gigabit_ethernet": null,
            "ip_domain_lookup_source_interface_twenty_five_gigabit_ethernet": null,
            "ip_domain_lookup_source_interface_two_gigabit_ethernet": null,
            "ip_domain_lookup_source_interface_vlan": null,
            "ip_domain_lookup_vrfs": null,
            "ip_domain_name": "marisol.home",
            "ip_forward_protocol_nd": null,
            "ip_ftp_passive": null,
            "ip_hosts": null,
            "ip_hosts_vrf": null,
            "ip_http_access_class": null,
            "ip_http_active_session_modules": null,
            "ip_http_authentication_aaa": null,
            "ip_http_authentication_aaa_command_authorization": null,
            "ip_http_authentication_aaa_exec_authorization": null,
            "ip_http_authentication_aaa_login_authentication": null,
            "ip_http_authentication_local": null,
            "ip_http_client_secure_trustpoint": null,
            "ip_http_client_source_interface": null,
            "ip_http_max_connections": null,
            "ip_http_secure_active_session_modules": null,
            "ip_http_secure_server": null,
            "ip_http_secure_trustpoint": null,
            "ip_http_server": null,
            "ip_http_tls_version": null,
            "ip_multicast_route_limit": null,
            "ip_multicast_routing": null,
            "ip_multicast_routing_distributed": null,
            "ip_name_servers": null,
            "ip_name_servers_vrf": null,
            "ip_nbar_classification_dns_classify_by_domain": null,
            "ip_radius_source_interface_five_gigabit_ethernet": null,
            "ip_radius_source_interface_forty_gigabit_ethernet": null,
            "ip_radius_source_interface_gigabit_ethernet": null,
            "ip_radius_source_interface_hundred_gigabit_ethernet": null,
            "ip_radius_source_interface_loopback": null,
            "ip_radius_source_interface_ten_gigabit_ethernet": null,
            "ip_radius_source_interface_twenty_five_gigabit_ethernet": null,
            "ip_radius_source_interface_two_gigabit_ethernet": null,
            "ip_radius_source_interface_vlan": null,
            "ip_radius_source_interface_vrf": null,
            "ip_routing": null,
            "ip_routing_protocol_purge_interface": null,
            "ip_scp_server_enable": null,
            "ip_sftp_password": null,
            "ip_sftp_password_encryption": null,
            "ip_sftp_password_wo": null,
            "ip_sftp_password_wo_version": null,
            "ip_sftp_username": null,
            "ip_source_route": null,
            "ip_ssh_authentication_retries": null,
            "ip_ssh_bulk_mode": null,
            "ip_ssh_bulk_mode_window_size": null,
            "ip_ssh_source_interface_five_gigabit_ethernet": null,
            "ip_ssh_source_interface_forty_gigabit_ethernet": null,
            "ip_ssh_source_interface_gigabit_ethernet": null,
            "ip_ssh_source_interface_hundred_gigabit_ethernet": null,
            "ip_ssh_source_interface_loopback": null,
            "ip_ssh_source_interface_ten_gigabit_ethernet": null,
            "ip_ssh_source_interface_twenty_five_gigabit_ethernet": null,
            "ip_ssh_source_interface_two_gigabit_ethernet": null,
            "ip_ssh_source_interface_vlan": null,
            "ip_ssh_time_out": null,
            "ip_ssh_version": null,
            "ip_ssh_version_legacy": null,
            "ip_tacacs_source_interface_five_gigabit_ethernet": null,
            "ip_tacacs_source_interface_forty_gigabit_ethernet": null,
            "ip_tacacs_source_interface_gigabit_ethernet": null,
            "ip_tacacs_source_interface_hundred_gigabit_ethernet": null,
            "ip_tacacs_source_interface_loopback": null,
            "ip_tacacs_source_interface_ten_gigabit_ethernet": null,
            "ip_tacacs_source_interface_twenty_five_gigabit_ethernet": null,
            "ip_tacacs_source_interface_two_gigabit_ethernet": null,
            "ip_tacacs_source_interface_vlan": null,
            "ip_tacacs_source_interface_vrf": null,
            "ip_tcp_mss": null,
            "ip_tcp_path_mtu_discovery": null,
            "ip_tcp_window_size": null,
            "ipv6_cef_load_sharing_algorithm_include_ports_destination": null,
            "ipv6_cef_load_sharing_algorithm_include_ports_source": null,
            "ipv6_multicast_routing": null,
            "ipv6_unicast_routing": null,
            "login_delay": null,
            "login_on_failure": null,
            "login_on_failure_log": null,
            "login_on_success": null,
            "login_on_success_log": null,
            "memory_free_low_watermark_processor": null,
            "mld_snooping": null,
            "mld_snooping_querier": null,
            "mtu": null,
            "multicast_routing_switch": null,
            "multicast_routing_vrfs": null,
            "multilink_ppp_bundle_name": null,
            "pnp_profiles": null,
            "port_channel_load_balance": null,
            "redundancy": null,
            "redundancy_mode": null,
            "security_passwords_min_length": null,
            "standby_redirects": null,
            "standby_redirects_enable_disable": null,
            "subscriber_templating": null,
            "table_maps": null,
            "tftp_source_interface_five_gigabit_ethernet": null,
            "tftp_source_interface_forty_gigabit_ethernet": null,
            "tftp_source_interface_gigabit_ethernet": null,
            "tftp_source_interface_hundred_gigabit_ethernet": null,
            "tftp_source_interface_loopback": null,
            "tftp_source_interface_ten_gigabit_ethernet": null,
            "tftp_source_interface_twenty_five_gigabit_ethernet": null,
            "tftp_source_interface_two_gigabit_ethernet": null,
            "tftp_source_interface_vlan": null,
            "track_objects": null,
            "transceiver_type_all_monitoring": null,
            "version": null
          },
          "sensitive_attributes": [
            [
              {
                "type": "get_attr",
                "value": "enable_secret"
              }
            ],
            [
              {
                "type": "get_attr",
                "value": "ip_sftp_password"
              }
            ]
          ],
          "identity_schema_version": 0,
          "private": "eyJpbXBvcnRpbmciOiJNQT09In0="
        }
      ]
    },
    {
      "mode": "managed",
      "type": "iosxe_vlan",
      "name": "kirkwood",
      "provider": "provider[\"registry.terraform.io/ciscodevnet/iosxe\"]",
      "instances": [
        {
          "schema_version": 0,
          "attributes": {
            "device": null,
            "id": "Cisco-IOS-XE-native:native/vlan/Cisco-IOS-XE-vlan:vlan-list=5",
            "name": "Kirkwood",
            "private_vlan_association": null,
            "private_vlan_community": null,
            "private_vlan_isolated": null,
            "private_vlan_primary": null,
            "remote_span": null,
            "shutdown": null,
            "vlan_id": 5
          },
          "sensitive_attributes": [],
          "identity_schema_version": 0,
          "private": "eyJpbXBvcnRpbmciOiJNQT09In0="
        }
      ]
    },
    {
      "mode": "managed",
      "type": "iosxe_vlan",
      "name": "marisol",
      "provider": "provider[\"registry.terraform.io/ciscodevnet/iosxe\"]",
      "instances": [
        {
          "schema_version": 0,
          "attributes": {
            "device": null,
            "id": "Cisco-IOS-XE-native:native/vlan/Cisco-IOS-XE-vlan:vlan-list=2",
            "name": "Marisol",
            "private_vlan_association": null,
            "private_vlan_community": null,
            "private_vlan_isolated": null,
            "private_vlan_primary": null,
            "remote_span": null,
            "shutdown": null,
            "vlan_id": 2
          },
          "sensitive_attributes": [],
          "identity_schema_version": 0,
          "private": "eyJpbXBvcnRpbmciOiJNQT09In0="
        }
      ]
    },
    {
      "mode": "managed",
      "type": "iosxe_vlan",
      "name": "marisol_iot",
      "provider": "provider[\"registry.terraform.io/ciscodevnet/iosxe\"]",
      "instances": [
        {
          "schema_version": 0,
          "attributes": {
            "device": null,
            "id": "Cisco-IOS-XE-native:native/vlan/Cisco-IOS-XE-vlan:vlan-list=3",
            "name": "Marisol-IOT",
            "private_vlan_association": null,
            "private_vlan_community": null,
            "private_vlan_isolated": null,
            "private_vlan_primary": null,
            "remote_span": null,
            "shutdown": null,
            "vlan_id": 3
          },
          "sensitive_attributes": [],
          "identity_schema_version": 0,
          "private": "eyJpbXBvcnRpbmciOiJNQT09In0="
        }
      ]
    },
    {
      "mode": "managed",
      "type": "iosxe_vlan",
      "name": "marisol_work",
      "provider": "provider[\"registry.terraform.io/ciscodevnet/iosxe\"]",
      "instances": [
        {
          "schema_version": 0,
          "attributes": {
            "device": null,
            "id": "Cisco-IOS-XE-native:native/vlan/Cisco-IOS-XE-vlan:vlan-list=4",
            "name": "Marisol-Work",
            "private_vlan_association": null,
            "private_vlan_community": null,
            "private_vlan_isolated": null,
            "private_vlan_primary": null,
            "remote_span": null,
            "shutdown": null,
            "vlan_id": 4
          },
          "sensitive_attributes": [],
          "identity_schema_version": 0,
          "private": "eyJpbXBvcnRpbmciOiJNQT09In0="
        }
      ]
    }
  ],
  "check_results": null
}
